<?xml version="1.0" encoding="utf-8"?>
<Project ToolsVersion="16.0" xmlns="http://schemas.microsoft.com/developer/msbuild/2003">
  <ItemGroup>
    <ClCompile Include="E:\Dev\Learning Projects\Vulkan_Learning_Projects\src\BaseProject\main.cpp">
      <Filter>BaseProject\Source Files</Filter>
    </ClCompile>
    <ClCompile Include="E:\Dev\Learning Projects\Vulkan_Learning_Projects\src\BaseProject\Base\base.cpp">
      <Filter>BaseProject\Source Files</Filter>
    </ClCompile>
    <ClCompile Include="E:\Dev\Learning Projects\Vulkan_Learning_Projects\src\BaseProject\Window\window.cpp">
      <Filter>BaseProject\Source Files</Filter>
    </ClCompile>
  </ItemGroup>
  <ItemGroup>
    <ClInclude Include="E:\Dev\Learning Projects\Vulkan_Learning_Projects\src\BaseProject\Base\base.h">
      <Filter>BaseProject\Header Files</Filter>
    </ClInclude>
    <ClInclude Include="E:\Dev\Learning Projects\Vulkan_Learning_Projects\src\BaseProject\Window\window.h">
      <Filter>BaseProject\Header Files</Filter>
    </ClInclude>
  </ItemGroup>
  <ItemGroup>
    <CustomBuild Include="E:\Dev\Learning Projects\Vulkan_Learning_Projects\src\BaseProject\CMakeLists.txt" />
  </ItemGroup>
  <ItemGroup>
    <Filter Include="BaseProject">
      <UniqueIdentifier>{D00AEE2C-5078-31AD-9CB7-9CB060492AED}</UniqueIdentifier>
    </Filter>
    <Filter Include="BaseProject\Header Files">
      <UniqueIdentifier>{010A1DBC-46C1-3584-89BA-11AA50CCA693}</UniqueIdentifier>
    </Filter>
    <Filter Include="BaseProject\Source Files">
      <UniqueIdentifier>{698AC835-04B1-3F89-B423-37867F4C68AF}</UniqueIdentifier>
    </Filter>
  </ItemGroup>
</Project>
